
Microsoft Visual Studio Solution File, Format Version 12.00
# Visual Studio Version 16
VisualStudioVersion = 16.0.30406.217
MinimumVisualStudioVersion = 10.0.40219.1
Project("{FAE04EC0-301F-11D3-BF4B-00C04F79EFBC}") = "Urban Centre Classification", "Urban Centre Classification\Urban Centre Classification.csproj", "{1548997C-4205-4353-817B-92FC60E40393}"
EndProject
Global
	GlobalSection(SolutionConfigurationPlatforms) = preSolution
		Debug|Any CPU = Debug|Any CPU
		Release|Any CPU = Release|Any CPU
	EndGlobalSection
	GlobalSection(ProjectConfigurationPlatforms) = postSolution
		{1548997C-4205-4353-817B-92FC60E40393}.Debug|Any CPU.ActiveCfg = Debug|Any CPU
		{1548997C-4205-4353-817B-92FC60E40393}.Debug|Any CPU.Build.0 = Debug|Any CPU
		{1548997C-4205-4353-817B-92FC60E40393}.Release|Any CPU.ActiveCfg = Release|Any CPU
		{1548997C-4205-4353-817B-92FC60E40393}.Release|Any CPU.Build.0 = Release|Any CPU
	EndGlobalSection
	GlobalSection(SolutionProperties) = preSolution
		HideSolutionNode = FALSE
	EndGlobalSection
	GlobalSection(ExtensibilityGlobals) = postSolution
		SolutionGuid = {47256CAC-4184-4E51-9AD7-2C0F9E04E3A4}
	EndGlobalSection
EndGlobal
